
Microsoft Visual Studio Solution File, Format Version 12.00
# Visual Studio Version 17
VisualStudioVersion = 17.14.36203.30 d17.14
MinimumVisualStudioVersion = 10.0.40219.1
Project("{FAE04EC0-301F-11D3-BF4B-00C04F79EFBC}") = "ClothingStoreNew", "ClothingStoreNew\ClothingStoreNew.csproj", "{145E8118-F4AE-40D3-8C2B-A9DCCA8D3390}"
EndProject
Global
	GlobalSection(SolutionConfigurationPlatforms) = preSolution
		Debug|Any CPU = Debug|Any CPU
		Release|Any CPU = Release|Any CPU
	EndGlobalSection
	GlobalSection(ProjectConfigurationPlatforms) = postSolution
		{145E8118-F4AE-40D3-8C2B-A9DCCA8D3390}.Debug|Any CPU.ActiveCfg = Debug|Any CPU
		{145E8118-F4AE-40D3-8C2B-A9DCCA8D3390}.Debug|Any CPU.Build.0 = Debug|Any CPU
		{145E8118-F4AE-40D3-8C2B-A9DCCA8D3390}.Release|Any CPU.ActiveCfg = Release|Any CPU
		{145E8118-F4AE-40D3-8C2B-A9DCCA8D3390}.Release|Any CPU.Build.0 = Release|Any CPU
	EndGlobalSection
	GlobalSection(SolutionProperties) = preSolution
		HideSolutionNode = FALSE
	EndGlobalSection
	GlobalSection(ExtensibilityGlobals) = postSolution
		SolutionGuid = {D174824B-2830-42AA-9559-8B436A487580}
	EndGlobalSection
EndGlobal
